
Microsoft Visual Studio Solution File, Format Version 12.00
# Visual Studio Version 17
VisualStudioVersion = 17.0.31903.59
MinimumVisualStudioVersion = 10.0.40219.1
Project("{2150E333-8FDC-42A3-9474-1A3956D46DE8}") = "src", "src", "{220D273F-C1CA-4B48-A7A9-6DE064E3FA63}"
EndProject
Project("{FAE04EC0-301F-11D3-BF4B-00C04F79EFBC}") = "Mcl.Core", "src\Mcl.Core\Mcl.Core.csproj", "{3E195CEA-3BF6-4AAD-8493-8CEB959FAE0F}"
EndProject
Project("{FAE04EC0-301F-11D3-BF4B-00C04F79EFBC}") = "Memory", "src\Memory\Memory.csproj", "{0E278FDA-E621-4BBB-A790-FFA71EAE9E0A}"
EndProject
Global
	GlobalSection(SolutionConfigurationPlatforms) = preSolution
		Debug|Any CPU = Debug|Any CPU
		Release|Any CPU = Release|Any CPU
	EndGlobalSection
	GlobalSection(SolutionProperties) = preSolution
		HideSolutionNode = FALSE
	EndGlobalSection
	GlobalSection(ProjectConfigurationPlatforms) = postSolution
		{3E195CEA-3BF6-4AAD-8493-8CEB959FAE0F}.Debug|Any CPU.ActiveCfg = Debug|Any CPU
		{3E195CEA-3BF6-4AAD-8493-8CEB959FAE0F}.Debug|Any CPU.Build.0 = Debug|Any CPU
		{3E195CEA-3BF6-4AAD-8493-8CEB959FAE0F}.Release|Any CPU.ActiveCfg = Release|Any CPU
		{3E195CEA-3BF6-4AAD-8493-8CEB959FAE0F}.Release|Any CPU.Build.0 = Release|Any CPU
		{0E278FDA-E621-4BBB-A790-FFA71EAE9E0A}.Debug|Any CPU.ActiveCfg = Debug|Any CPU
		{0E278FDA-E621-4BBB-A790-FFA71EAE9E0A}.Debug|Any CPU.Build.0 = Debug|Any CPU
		{0E278FDA-E621-4BBB-A790-FFA71EAE9E0A}.Release|Any CPU.ActiveCfg = Release|Any CPU
		{0E278FDA-E621-4BBB-A790-FFA71EAE9E0A}.Release|Any CPU.Build.0 = Release|Any CPU
	EndGlobalSection
	GlobalSection(NestedProjects) = preSolution
		{3E195CEA-3BF6-4AAD-8493-8CEB959FAE0F} = {220D273F-C1CA-4B48-A7A9-6DE064E3FA63}
		{0E278FDA-E621-4BBB-A790-FFA71EAE9E0A} = {220D273F-C1CA-4B48-A7A9-6DE064E3FA63}
	EndGlobalSection
EndGlobal
